
Microsoft Visual Studio Solution File, Format Version 12.00
# Visual Studio Version 16
VisualStudioVersion = 16.0.32126.315
MinimumVisualStudioVersion = 10.0.40219.1
Project("{FAE04EC0-301F-11D3-BF4B-00C04F79EFBC}") = "StackOverFlowProject", "StackOverFlowProject\StackOverFlowProject.csproj", "{361A4C84-0557-45A0-AE29-89D64BBCFD05}"
EndProject
Project("{FAE04EC0-301F-11D3-BF4B-00C04F79EFBC}") = "StackOverFlowProject.DomainModels", "StackOverFlowProject.DomainModels\StackOverFlowProject.DomainModels.csproj", "{69651873-518D-423A-ABD6-DE50AC24C3C6}"
EndProject
Project("{FAE04EC0-301F-11D3-BF4B-00C04F79EFBC}") = "StackOverFlowProject.ViewModels", "StackOverFlowProject.ViewModels\StackOverFlowProject.ViewModels.csproj", "{026692C8-6336-45CE-A22D-75FE69E5C5C2}"
EndProject
Project("{FAE04EC0-301F-11D3-BF4B-00C04F79EFBC}") = "StackOverFlowProject.Repositories", "StackOverFlowProject.Repositories\StackOverFlowProject.Repositories.csproj", "{B7C194D1-4BFB-4A05-928C-3F3C27D5EB33}"
EndProject
Project("{FAE04EC0-301F-11D3-BF4B-00C04F79EFBC}") = "StackOverFlowProject.ServiceLayer", "StackOverFlowProject.ServiceLayer\StackOverFlowProject.ServiceLayer.csproj", "{80B3BF21-91A2-4E84-9875-974C2B2225A9}"
EndProject
Global
	GlobalSection(SolutionConfigurationPlatforms) = preSolution
		Debug|Any CPU = Debug|Any CPU
		Release|Any CPU = Release|Any CPU
	EndGlobalSection
	GlobalSection(ProjectConfigurationPlatforms) = postSolution
		{361A4C84-0557-45A0-AE29-89D64BBCFD05}.Debug|Any CPU.ActiveCfg = Debug|Any CPU
		{361A4C84-0557-45A0-AE29-89D64BBCFD05}.Debug|Any CPU.Build.0 = Debug|Any CPU
		{361A4C84-0557-45A0-AE29-89D64BBCFD05}.Release|Any CPU.ActiveCfg = Release|Any CPU
		{361A4C84-0557-45A0-AE29-89D64BBCFD05}.Release|Any CPU.Build.0 = Release|Any CPU
		{69651873-518D-423A-ABD6-DE50AC24C3C6}.Debug|Any CPU.ActiveCfg = Debug|Any CPU
		{69651873-518D-423A-ABD6-DE50AC24C3C6}.Debug|Any CPU.Build.0 = Debug|Any CPU
		{69651873-518D-423A-ABD6-DE50AC24C3C6}.Release|Any CPU.ActiveCfg = Release|Any CPU
		{69651873-518D-423A-ABD6-DE50AC24C3C6}.Release|Any CPU.Build.0 = Release|Any CPU
		{026692C8-6336-45CE-A22D-75FE69E5C5C2}.Debug|Any CPU.ActiveCfg = Debug|Any CPU
		{026692C8-6336-45CE-A22D-75FE69E5C5C2}.Debug|Any CPU.Build.0 = Debug|Any CPU
		{026692C8-6336-45CE-A22D-75FE69E5C5C2}.Release|Any CPU.ActiveCfg = Release|Any CPU
		{026692C8-6336-45CE-A22D-75FE69E5C5C2}.Release|Any CPU.Build.0 = Release|Any CPU
		{B7C194D1-4BFB-4A05-928C-3F3C27D5EB33}.Debug|Any CPU.ActiveCfg = Debug|Any CPU
		{B7C194D1-4BFB-4A05-928C-3F3C27D5EB33}.Debug|Any CPU.Build.0 = Debug|Any CPU
		{B7C194D1-4BFB-4A05-928C-3F3C27D5EB33}.Release|Any CPU.ActiveCfg = Release|Any CPU
		{B7C194D1-4BFB-4A05-928C-3F3C27D5EB33}.Release|Any CPU.Build.0 = Release|Any CPU
		{80B3BF21-91A2-4E84-9875-974C2B2225A9}.Debug|Any CPU.ActiveCfg = Debug|Any CPU
		{80B3BF21-91A2-4E84-9875-974C2B2225A9}.Debug|Any CPU.Build.0 = Debug|Any CPU
		{80B3BF21-91A2-4E84-9875-974C2B2225A9}.Release|Any CPU.ActiveCfg = Release|Any CPU
		{80B3BF21-91A2-4E84-9875-974C2B2225A9}.Release|Any CPU.Build.0 = Release|Any CPU
	EndGlobalSection
	GlobalSection(SolutionProperties) = preSolution
		HideSolutionNode = FALSE
	EndGlobalSection
	GlobalSection(ExtensibilityGlobals) = postSolution
		SolutionGuid = {21F10C69-60A4-43A8-9212-AB169B00AF34}
	EndGlobalSection
EndGlobal
